# This file is generated by running "yarn install" inside your project.
# Manual changes might be lost - proceed with caution!

__metadata:
  version: 8

"pt-product-retrieval@workspace:.":
  version: 0.0.0-use.local
  resolution: "pt-product-retrieval@workspace:."
  languageName: unknown
  linkType: soft
